Microsoft Visual Studio Solution File, Format Version 12.00
# Visual Studio Version 17
VisualStudioVersion = 17.5.2.0
MinimumVisualStudioVersion = 10.0.40219.1
Project("{FAE04EC0-301F-11D3-BF4B-00C04F79EFBC}") = "FastCartMarketPlace", "FastCartMarketPlace.csproj", "{66B777DF-15B3-1E5B-0CDE-C93E627337AE}"
EndProject
Global
	GlobalSection(SolutionConfigurationPlatforms) = preSolution
		Debug|Any CPU = Debug|Any CPU
		Release|Any CPU = Release|Any CPU
	EndGlobalSection
	GlobalSection(ProjectConfigurationPlatforms) = postSolution
		{66B777DF-15B3-1E5B-0CDE-C93E627337AE}.Debug|Any CPU.ActiveCfg = Debug|Any CPU
		{66B777DF-15B3-1E5B-0CDE-C93E627337AE}.Debug|Any CPU.Build.0 = Debug|Any CPU
		{66B777DF-15B3-1E5B-0CDE-C93E627337AE}.Release|Any CPU.ActiveCfg = Release|Any CPU
		{66B777DF-15B3-1E5B-0CDE-C93E627337AE}.Release|Any CPU.Build.0 = Release|Any CPU
	EndGlobalSection
	GlobalSection(SolutionProperties) = preSolution
		HideSolutionNode = FALSE
	EndGlobalSection
	GlobalSection(ExtensibilityGlobals) = postSolution
		SolutionGuid = {7191C8CD-CCDB-4139-9597-089DDFDBFB75}
	EndGlobalSection
EndGlobal
